<?xml version="1.0" encoding="utf-8"?>
<Project ToolsVersion="4.0" xmlns="http://schemas.microsoft.com/developer/msbuild/2003">
  <ItemGroup>
    <Filter Include="Исходные файлы">
      <UniqueIdentifier>{4FC737F1-C7A5-4376-A066-2A32D752A2FF}</UniqueIdentifier>
      <Extensions>cpp;c;cc;cxx;c++;cppm;ixx;def;odl;idl;hpj;bat;asm;asmx</Extensions>
    </Filter>
    <Filter Include="Файлы заголовков">
      <UniqueIdentifier>{93995380-89BD-4b04-88EB-625FBE52EBFB}</UniqueIdentifier>
      <Extensions>h;hh;hpp;hxx;h++;hm;inl;inc;ipp;xsd</Extensions>
    </Filter>
    <Filter Include="Файлы ресурсов">
      <UniqueIdentifier>{67DA6AB6-F800-4c08-8B7A-83BB121AAD01}</UniqueIdentifier>
      <Extensions>rc;ico;cur;bmp;dlg;rc2;rct;bin;rgs;gif;jpg;jpeg;jpe;resx;tiff;tif;png;wav;mfcribbon-ms</Extensions>
    </Filter>
    <Filter Include="Файлы заголовков\GameComponents">
      <UniqueIdentifier>{04b7432b-4801-4b07-9933-973cdcdd260c}</UniqueIdentifier>
    </Filter>
    <Filter Include="Исходные файлы\GameComponents">
      <UniqueIdentifier>{0a1cf037-fa1f-4125-a3ec-a1a737f9a3a9}</UniqueIdentifier>
    </Filter>
    <Filter Include="Исходные файлы\GUI">
      <UniqueIdentifier>{8cf613a1-dddd-4e98-9fc1-2dfdbb050da7}</UniqueIdentifier>
    </Filter>
    <Filter Include="Файлы заголовков\GUI">
      <UniqueIdentifier>{a3199f72-5838-4527-85f8-6d6aad7a64fb}</UniqueIdentifier>
    </Filter>
    <Filter Include="Исходные файлы\Source">
      <UniqueIdentifier>{49dcea95-f315-4cc3-8f91-93a8684f4966}</UniqueIdentifier>
    </Filter>
    <Filter Include="Файлы заголовков\Source">
      <UniqueIdentifier>{5be54a21-2497-4127-a26e-d51f98f1ac0d}</UniqueIdentifier>
    </Filter>
  </ItemGroup>
  <ItemGroup>
    <ClCompile Include="Main.cpp">
      <Filter>Исходные файлы</Filter>
    </ClCompile>
    <ClCompile Include="GameComponents\Intro.cpp">
      <Filter>Исходные файлы\GameComponents</Filter>
    </ClCompile>
    <ClCompile Include="GameComponents\Credits.cpp">
      <Filter>Исходные файлы\GameComponents</Filter>
    </ClCompile>
    <ClCompile Include="GameComponents\MainMenu.cpp">
      <Filter>Исходные файлы\GameComponents</Filter>
    </ClCompile>
    <ClCompile Include="Source\Settings.cpp">
      <Filter>Исходные файлы\Source</Filter>
    </ClCompile>
    <ClCompile Include="Source\Data.cpp">
      <Filter>Исходные файлы\Source</Filter>
    </ClCompile>
    <ClCompile Include="GameComponents\WorldRenderer.cpp">
      <Filter>Исходные файлы\GameComponents</Filter>
    </ClCompile>
    <ClCompile Include="GUI\Button\Button.cpp">
      <Filter>Исходные файлы\GUI</Filter>
    </ClCompile>
    <ClCompile Include="GUI\CheckBox\CheckBox.cpp">
      <Filter>Исходные файлы\GUI</Filter>
    </ClCompile>
    <ClCompile Include="GUI\TextBox\TextBox.cpp">
      <Filter>Исходные файлы\GUI</Filter>
    </ClCompile>
    <ClCompile Include="GUI\ToggleButton\ToggleButton.cpp">
      <Filter>Исходные файлы\GUI</Filter>
    </ClCompile>
    <ClCompile Include="GUI\KeystrokesProcessing\KeystrokesProcessing.cpp">
      <Filter>Исходные файлы\GUI</Filter>
    </ClCompile>
    <ClCompile Include="GUI\CenteredLabel\CenteredLabel.cpp">
      <Filter>Исходные файлы\GUI</Filter>
    </ClCompile>
    <ClCompile Include="GUI\EvolvGen.cpp">
      <Filter>Исходные файлы\Source</Filter>
    </ClCompile>
    <ClCompile Include="Source\LayoutsController.cpp">
      <Filter>Исходные файлы\Source</Filter>
    </ClCompile>
    <ClCompile Include="Source\TechSupport.cpp">
      <Filter>Исходные файлы\Source</Filter>
    </ClCompile>
  </ItemGroup>
  <ItemGroup>
    <ClInclude Include="resource.h">
      <Filter>Файлы заголовков</Filter>
    </ClInclude>
    <ClInclude Include="GameComponents\Intro.h">
      <Filter>Файлы заголовков\GameComponents</Filter>
    </ClInclude>
    <ClInclude Include="GameComponents\Credits.h">
      <Filter>Файлы заголовков\GameComponents</Filter>
    </ClInclude>
    <ClInclude Include="GameComponents\MainMenu.h">
      <Filter>Файлы заголовков\GameComponents</Filter>
    </ClInclude>
    <ClInclude Include="Source\Settings.h">
      <Filter>Файлы заголовков\Source</Filter>
    </ClInclude>
    <ClInclude Include="Source\Data.h">
      <Filter>Файлы заголовков\Source</Filter>
    </ClInclude>
    <ClInclude Include="GameComponents\WorldRenderer.h">
      <Filter>Файлы заголовков\GameComponents</Filter>
    </ClInclude>
    <ClInclude Include="GUI\ToggleButton\ToggleButton.h">
      <Filter>Файлы заголовков\GUI</Filter>
    </ClInclude>
    <ClInclude Include="GUI\TextBox\TextBox.h">
      <Filter>Файлы заголовков\GUI</Filter>
    </ClInclude>
    <ClInclude Include="GUI\CheckBox\CheckBox.h">
      <Filter>Файлы заголовков\GUI</Filter>
    </ClInclude>
    <ClInclude Include="GUI\Button\Button.h">
      <Filter>Файлы заголовков\GUI</Filter>
    </ClInclude>
    <ClInclude Include="GUI\CenteredLabel\CenteredLabel.h">
      <Filter>Файлы заголовков\GUI</Filter>
    </ClInclude>
    <ClInclude Include="GUI\KeystrokesProcessing\KeystrokesProcessing.h">
      <Filter>Файлы заголовков\GUI</Filter>
    </ClInclude>
    <ClInclude Include="GUI\EvolvGen.h">
      <Filter>Файлы заголовков\Source</Filter>
    </ClInclude>
    <ClInclude Include="Source\LayoutsController.h">
      <Filter>Файлы заголовков\Source</Filter>
    </ClInclude>
    <ClInclude Include="Source\TechSupport.h">
      <Filter>Файлы заголовков\Source</Filter>
    </ClInclude>
  </ItemGroup>
  <ItemGroup>
    <Image Include="..\x64\Debug\Data\Icons\icon32.ico">
      <Filter>Файлы ресурсов</Filter>
    </Image>
    <Image Include="..\x64\Debug\Data\Icons\icon96.ico">
      <Filter>Файлы ресурсов</Filter>
    </Image>
    <Image Include="..\x64\Debug\Data\Icons\icon256.ico">
      <Filter>Файлы ресурсов</Filter>
    </Image>
    <Image Include="..\x64\Debug\Data\Icons\icon24.ico">
      <Filter>Файлы ресурсов</Filter>
    </Image>
  </ItemGroup>
  <ItemGroup>
    <ResourceCompile Include="Dweller.rc">
      <Filter>Файлы ресурсов</Filter>
    </ResourceCompile>
  </ItemGroup>
</Project>